
Microsoft Visual Studio Solution File, Format Version 12.00
# Visual Studio Version 16
VisualStudioVersion = 16.0.32630.194
MinimumVisualStudioVersion = 10.0.40219.1
Project("{FAE04EC0-301F-11D3-BF4B-00C04F79EFBC}") = "CampoMinado", "CampoMinado\CampoMinado.csproj", "{F7CC0FB4-8A24-4FE5-94B2-6C7A65D407CC}"
EndProject
Global
	GlobalSection(SolutionConfigurationPlatforms) = preSolution
		Debug|Any CPU = Debug|Any CPU
		Release|Any CPU = Release|Any CPU
	EndGlobalSection
	GlobalSection(ProjectConfigurationPlatforms) = postSolution
		{F7CC0FB4-8A24-4FE5-94B2-6C7A65D407CC}.Debug|Any CPU.ActiveCfg = Debug|Any CPU
		{F7CC0FB4-8A24-4FE5-94B2-6C7A65D407CC}.Debug|Any CPU.Build.0 = Debug|Any CPU
		{F7CC0FB4-8A24-4FE5-94B2-6C7A65D407CC}.Release|Any CPU.ActiveCfg = Release|Any CPU
		{F7CC0FB4-8A24-4FE5-94B2-6C7A65D407CC}.Release|Any CPU.Build.0 = Release|Any CPU
	EndGlobalSection
	GlobalSection(SolutionProperties) = preSolution
		HideSolutionNode = FALSE
	EndGlobalSection
	GlobalSection(ExtensibilityGlobals) = postSolution
		SolutionGuid = {A97AD860-0CFA-4926-A863-C62683A50101}
	EndGlobalSection
EndGlobal
